// !$*UTF8*$!
{
	archiveVersion = 1;
	classes = {
	};
	objectVersion = 50;
	objects = {

/* Begin PBXBuildFile section */
		75F7460124562156002AA4EC /* BayKit.h in Headers */ = {isa = PBXBuildFile; fileRef = 75F745FF24562156002AA4EC /* BayKit.h */; settings = {ATTRIBUTES = (Public, ); }; };
		75F7460A245621DA002AA4EC /* Bay.swift in Sources */ = {isa = PBXBuildFile; fileRef = 75F74609245621DA002AA4EC /* Bay.swift */; };
		75F74612245627EB002AA4EC /* BayKitTests.swift in Sources */ = {isa = PBXBuildFile; fileRef = 75F74611245627EB002AA4EC /* BayKitTests.swift */; };
		75F74614245627EB002AA4EC /* BayKit.framework in Frameworks */ = {isa = PBXBuildFile; fileRef = 75F745FC24562156002AA4EC /* BayKit.framework */; };
/* End PBXBuildFile section */

/* Begin PBXContainerItemProxy section */
		75F74615245627EB002AA4EC /* PBXContainerItemProxy */ = {
			isa = PBXContainerItemProxy;
			containerPortal = 75F745F324562155002AA4EC /* Project object */;
			proxyType = 1;
			remoteGlobalIDString = 75F745FB24562156002AA4EC;
			remoteInfo = BayKit;
		};
/* End PBXContainerItemProxy section */

/* Begin PBXFileReference section */
		75F745FC24562156002AA4EC /* BayKit.framework */ = {isa = PBXFileReference; explicitFileType = wrapper.framework; includeInIndex = 0; path = BayKit.framework; sourceTree = BUILT_PRODUCTS_DIR; };
		75F745FF24562156002AA4EC /* BayKit.h */ = {isa = PBXFileReference; lastKnownFileType = sourcecode.c.h; path = BayKit.h; sourceTree = "<group>"; };
		75F7460024562156002AA4EC /* Info.plist */ = {isa = PBXFileReference; lastKnownFileType = text.plist.xml; path = Info.plist; sourceTree = "<group>"; };
		75F74609245621DA002AA4EC /* Bay.swift */ = {isa = PBXFileReference; lastKnownFileType = sourcecode.swift; path = Bay.swift; sourceTree = "<group>"; };
		75F7460F245627EB002AA4EC /* BayKitTests.xctest */ = {isa = PBXFileReference; explicitFileType = wrapper.cfbundle; includeInIndex = 0; path = BayKitTests.xctest; sourceTree = BUILT_PRODUCTS_DIR; };
		75F74611245627EB002AA4EC /* BayKitTests.swift */ = {isa = PBXFileReference; lastKnownFileType = sourcecode.swift; path = BayKitTests.swift; sourceTree = "<group>"; };
		75F74613245627EB002AA4EC /* Info.plist */ = {isa = PBXFileReference; lastKnownFileType = text.plist.xml; path = Info.plist; sourceTree = "<group>"; };
/* End PBXFileReference section */

/* Begin PBXFrameworksBuildPhase section */
		75F745F924562156002AA4EC /* Frameworks */ = {
			isa = PBXFrameworksBuildPhase;
			buildActionMask = 2147483647;
			files = (
			);
			runOnlyForDeploymentPostprocessing = 0;
		};
		75F7460C245627EB002AA4EC /* Frameworks */ = {
			isa = PBXFrameworksBuildPhase;
			buildActionMask = 2147483647;
			files = (
				75F74614245627EB002AA4EC /* BayKit.framework in Frameworks */,
			);
			runOnlyForDeploymentPostprocessing = 0;
		};
/* End PBXFrameworksBuildPhase section */

/* Begin PBXGroup section */
		75F745F224562155002AA4EC = {
			isa = PBXGroup;
			children = (
				75F745FE24562156002AA4EC /* BayKit */,
				75F74610245627EB002AA4EC /* BayKitTests */,
				75F745FD24562156002AA4EC /* Products */,
			);
			sourceTree = "<group>";
		};
		75F745FD24562156002AA4EC /* Products */ = {
			isa = PBXGroup;
			children = (
				75F745FC24562156002AA4EC /* BayKit.framework */,
				75F7460F245627EB002AA4EC /* BayKitTests.xctest */,
			);
			name = Products;
			sourceTree = "<group>";
		};
		75F745FE24562156002AA4EC /* BayKit */ = {
			isa = PBXGroup;
			children = (
				75F745FF24562156002AA4EC /* BayKit.h */,
				75F7460024562156002AA4EC /* Info.plist */,
				75F74609245621DA002AA4EC /* Bay.swift */,
			);
			path = BayKit;
			sourceTree = "<group>";
		};
		75F74610245627EB002AA4EC /* BayKitTests */ = {
			isa = PBXGroup;
			children = (
				75F74611245627EB002AA4EC /* BayKitTests.swift */,
				75F74613245627EB002AA4EC /* Info.plist */,
			);
			path = BayKitTests;
			sourceTree = "<group>";
		};
/* End PBXGroup section */

/* Begin PBXHeadersBuildPhase section */
		75F745F724562156002AA4EC /* Headers */ = {
			isa = PBXHeadersBuildPhase;
			buildActionMask = 2147483647;
			files = (
				75F7460124562156002AA4EC /* BayKit.h in Headers */,
			);
			runOnlyForDeploymentPostprocessing = 0;
		};
/* End PBXHeadersBuildPhase section */

/* Begin PBXNativeTarget section */
		75F745FB24562156002AA4EC /* BayKit */ = {
			isa = PBXNativeTarget;
			buildConfigurationList = 75F7460424562156002AA4EC /* Build configuration list for PBXNativeTarget "BayKit" */;
			buildPhases = (
				75F745F724562156002AA4EC /* Headers */,
				75F745F824562156002AA4EC /* Sources */,
				75F745F924562156002AA4EC /* Frameworks */,
				75F745FA24562156002AA4EC /* Resources */,
			);
			buildRules = (
			);
			dependencies = (
			);
			name = BayKit;
			productName = BayKit;
			productReference = 75F745FC24562156002AA4EC /* BayKit.framework */;
			productType = "com.apple.product-type.framework";
		};
		75F7460E245627EB002AA4EC /* BayKitTests */ = {
			isa = PBXNativeTarget;
			buildConfigurationList = 75F74617245627EB002AA4EC /* Build configuration list for PBXNativeTarget "BayKitTests" */;
			buildPhases = (
				75F7460B245627EB002AA4EC /* Sources */,
				75F7460C245627EB002AA4EC /* Frameworks */,
				75F7460D245627EB002AA4EC /* Resources */,
			);
			buildRules = (
			);
			dependencies = (
				75F74616245627EB002AA4EC /* PBXTargetDependency */,
			);
			name = BayKitTests;
			productName = BayKitTests;
			productReference = 75F7460F245627EB002AA4EC /* BayKitTests.xctest */;
			productType = "com.apple.product-type.bundle.unit-test";
		};
/* End PBXNativeTarget section */

/* Begin PBXProject section */
		75F745F324562155002AA4EC /* Project object */ = {
			isa = PBXProject;
			attributes = {
				LastSwiftUpdateCheck = 1020;
				LastUpgradeCheck = 1020;
				ORGANIZATIONNAME = "Cem Tunçelli";
				TargetAttributes = {
					75F745FB24562156002AA4EC = {
						CreatedOnToolsVersion = 10.2;
						LastSwiftMigration = 1020;
					};
					75F7460E245627EB002AA4EC = {
						CreatedOnToolsVersion = 10.2;
					};
				};
			};
			buildConfigurationList = 75F745F624562155002AA4EC /* Build configuration list for PBXProject "BayKit" */;
			compatibilityVersion = "Xcode 9.3";
			developmentRegion = en;
			hasScannedForEncodings = 0;
			knownRegions = (
				en,
			);
			mainGroup = 75F745F224562155002AA4EC;
			productRefGroup = 75F745FD24562156002AA4EC /* Products */;
			projectDirPath = "";
			projectRoot = "";
			targets = (
				75F745FB24562156002AA4EC /* BayKit */,
				75F7460E245627EB002AA4EC /* BayKitTests */,
			);
		};
/* End PBXProject section */

/* Begin PBXResourcesBuildPhase section */
		75F745FA24562156002AA4EC /* Resources */ = {
			isa = PBXResourcesBuildPhase;
			buildActionMask = 2147483647;
			files = (
			);
			runOnlyForDeploymentPostprocessing = 0;
		};
		75F7460D245627EB002AA4EC /* Resources */ = {
			isa = PBXResourcesBuildPhase;
			buildActionMask = 2147483647;
			files = (
			);
			runOnlyForDeploymentPostprocessing = 0;
		};
/* End PBXResourcesBuildPhase section */

/* Begin PBXSourcesBuildPhase section */
		75F745F824562156002AA4EC /* Sources */ = {
			isa = PBXSourcesBuildPhase;
			buildActionMask = 2147483647;
			files = (
				75F7460A245621DA002AA4EC /* Bay.swift in Sources */,
			);
			runOnlyForDeploymentPostprocessing = 0;
		};
		75F7460B245627EB002AA4EC /* Sources */ = {
			isa = PBXSourcesBuildPhase;
			buildActionMask = 2147483647;
			files = (
				75F74612245627EB002AA4EC /* BayKitTests.swift in Sources */,
			);
			runOnlyForDeploymentPostprocessing = 0;
		};
/* End PBXSourcesBuildPhase section */

/* Begin PBXTargetDependency section */
		75F74616245627EB002AA4EC /* PBXTargetDependency */ = {
			isa = PBXTargetDependency;
			target = 75F745FB24562156002AA4EC /* BayKit */;
			targetProxy = 75F74615245627EB002AA4EC /* PBXContainerItemProxy */;
		};
/* End PBXTargetDependency section */

/* Begin XCBuildConfiguration section */
		75F7460224562156002AA4EC /* Debug */ = {
			isa = XCBuildConfiguration;
			buildSettings = {
				ALWAYS_SEARCH_USER_PATHS = NO;
				CLANG_ANALYZER_NONNULL = YES;
				CLANG_ANALYZER_NUMBER_OBJECT_CONVERSION = YES_AGGRESSIVE;
				CLANG_CXX_LANGUAGE_STANDARD = "gnu++14";
				CLANG_CXX_LIBRARY = "libc++";
				CLANG_ENABLE_MODULES = YES;
				CLANG_ENABLE_OBJC_ARC = YES;
				CLANG_ENABLE_OBJC_WEAK = YES;
				CLANG_WARN_BLOCK_CAPTURE_AUTORELEASING = YES;
				CLANG_WARN_BOOL_CONVERSION = YES;
				CLANG_WARN_COMMA = YES;
				CLANG_WARN_CONSTANT_CONVERSION = YES;
				CLANG_WARN_DEPRECATED_OBJC_IMPLEMENTATIONS = YES;
				CLANG_WARN_DIRECT_OBJC_ISA_USAGE = YES_ERROR;
				CLANG_WARN_DOCUMENTATION_COMMENTS = YES;
				CLANG_WARN_EMPTY_BODY = YES;
				CLANG_WARN_ENUM_CONVERSION = YES;
				CLANG_WARN_INFINITE_RECURSION = YES;
				CLANG_WARN_INT_CONVERSION = YES;
				CLANG_WARN_NON_LITERAL_NULL_CONVERSION = YES;
				CLANG_WARN_OBJC_IMPLICIT_RETAIN_SELF = YES;
				CLANG_WARN_OBJC_LITERAL_CONVERSION = YES;
				CLANG_WARN_OBJC_ROOT_CLASS = YES_ERROR;
				CLANG_WARN_RANGE_LOOP_ANALYSIS = YES;
				CLANG_WARN_STRICT_PROTOTYPES = YES;
				CLANG_WARN_SUSPICIOUS_MOVE = YES;
				CLANG_WARN_UNGUARDED_AVAILABILITY = YES_AGGRESSIVE;
				CLANG_WARN_UNREACHABLE_CODE = YES;
				CLANG_WARN__DUPLICATE_METHOD_MATCH = YES;
				CODE_SIGN_IDENTITY = "iPhone Developer";
				COPY_PHASE_STRIP = NO;
				CURRENT_PROJECT_VERSION = 1;
				DEBUG_INFORMATION_FORMAT = dwarf;
				ENABLE_STRICT_OBJC_MSGSEND = YES;
				ENABLE_TESTABILITY = YES;
				GCC_C_LANGUAGE_STANDARD = gnu11;
				GCC_DYNAMIC_NO_PIC = NO;
				GCC_NO_COMMON_BLOCKS = YES;
				GCC_OPTIMIZATION_LEVEL = 0;
				GCC_PREPROCESSOR_DEFINITIONS = (
					"DEBUG=1",
					"$(inherited)",
				);
				GCC_WARN_64_TO_32_BIT_CONVERSION = YES;
				GCC_WARN_ABOUT_RETURN_TYPE = YES_ERROR;
				GCC_WARN_UNDECLARED_SELECTOR = YES;
				GCC_WARN_UNINITIALIZED_AUTOS = YES_AGGRESSIVE;
				GCC_WARN_UNUSED_FUNCTION = YES;
				GCC_WARN_UNUSED_VARIABLE = YES;
				IPHONEOS_DEPLOYMENT_TARGET = 12.2;
				MTL_ENABLE_DEBUG_INFO = INCLUDE_SOURCE;
				MTL_FAST_MATH = YES;
				ONLY_ACTIVE_ARCH = YES;
				SDKROOT = iphoneos;
				SWIFT_ACTIVE_COMPILATION_CONDITIONS = DEBUG;
				SWIFT_OPTIMIZATION_LEVEL = "-Onone";
				VERSIONING_SYSTEM = "apple-generic";
				VERSION_INFO_PREFIX = "";
			};
			name = Debug;
		};
		75F7460324562156002AA4EC /* Release */ = {
			isa = XCBuildConfiguration;
			buildSettings = {
				ALWAYS_SEARCH_USER_PATHS = NO;
				CLANG_ANALYZER_NONNULL = YES;
				CLANG_ANALYZER_NUMBER_OBJECT_CONVERSION = YES_AGGRESSIVE;
				CLANG_CXX_LANGUAGE_STANDARD = "gnu++14";
				CLANG_CXX_LIBRARY = "libc++";
				CLANG_ENABLE_MODULES = YES;
				CLANG_ENABLE_OBJC_ARC = YES;
				CLANG_ENABLE_OBJC_WEAK = YES;
				CLANG_WARN_BLOCK_CAPTURE_AUTORELEASING = YES;
				CLANG_WARN_BOOL_CONVERSION = YES;
				CLANG_WARN_COMMA = YES;
				CLANG_WARN_CONSTANT_CONVERSION = YES;
				CLANG_WARN_DEPRECATED_OBJC_IMPLEMENTATIONS = YES;
				CLANG_WARN_DIRECT_OBJC_ISA_USAGE = YES_ERROR;
				CLANG_WARN_DOCUMENTATION_COMMENTS = YES;
				CLANG_WARN_EMPTY_BODY = YES;
				CLANG_WARN_ENUM_CONVERSION = YES;
				CLANG_WARN_INFINITE_RECURSION = YES;
				CLANG_WARN_INT_CONVERSION = YES;
				CLANG_WARN_NON_LITERAL_NULL_CONVERSION = YES;
				CLANG_WARN_OBJC_IMPLICIT_RETAIN_SELF = YES;
				CLANG_WARN_OBJC_LITERAL_CONVERSION = YES;
				CLANG_WARN_OBJC_ROOT_CLASS = YES_ERROR;
				CLANG_WARN_RANGE_LOOP_ANALYSIS = YES;
				CLANG_WARN_STRICT_PROTOTYPES = YES;
				CLANG_WARN_SUSPICIOUS_MOVE = YES;
				CLANG_WARN_UNGUARDED_AVAILABILITY = YES_AGGRESSIVE;
				CLANG_WARN_UNREACHABLE_CODE = YES;
				CLANG_WARN__DUPLICATE_METHOD_MATCH = YES;
				CODE_SIGN_IDENTITY = "iPhone Developer";
				COPY_PHASE_STRIP = NO;
				CURRENT_PROJECT_VERSION = 1;
				DEBUG_INFORMATION_FORMAT = "dwarf-with-dsym";
				ENABLE_NS_ASSERTIONS = NO;
				ENABLE_STRICT_OBJC_MSGSEND = YES;
				GCC_C_LANGUAGE_STANDARD = gnu11;
				GCC_NO_COMMON_BLOCKS = YES;
				GCC_WARN_64_TO_32_BIT_CONVERSION = YES;
				GCC_WARN_ABOUT_RETURN_TYPE = YES_ERROR;
				GCC_WARN_UNDECLARED_SELECTOR = YES;
				GCC_WARN_UNINITIALIZED_AUTOS = YES_AGGRESSIVE;
				GCC_WARN_UNUSED_FUNCTION = YES;
				GCC_WARN_UNUSED_VARIABLE = YES;
				IPHONEOS_DEPLOYMENT_TARGET = 12.2;
				MTL_ENABLE_DEBUG_INFO = NO;
				MTL_FAST_MATH = YES;
				SDKROOT = iphoneos;
				SWIFT_COMPILATION_MODE = wholemodule;
				SWIFT_OPTIMIZATION_LEVEL = "-O";
				VALIDATE_PRODUCT = YES;
				VERSIONING_SYSTEM = "apple-generic";
				VERSION_INFO_PREFIX = "";
			};
			name = Release;
		};
		75F7460524562156002AA4EC /* Debug */ = {
			isa = XCBuildConfiguration;
			buildSettings = {
				CLANG_ENABLE_MODULES = YES;
				CODE_SIGN_IDENTITY = "";
				CODE_SIGN_STYLE = Automatic;
				DEFINES_MODULE = YES;
				DEVELOPMENT_TEAM = W4A6RAJX45;
				DYLIB_COMPATIBILITY_VERSION = 1;
				DYLIB_CURRENT_VERSION = 1;
				DYLIB_INSTALL_NAME_BASE = "@rpath";
				INFOPLIST_FILE = BayKit/Info.plist;
				INSTALL_PATH = "$(LOCAL_LIBRARY_DIR)/Frameworks";
				LD_RUNPATH_SEARCH_PATHS = (
					"$(inherited)",
					"@executable_path/Frameworks",
					"@loader_path/Frameworks",
				);
				PRODUCT_BUNDLE_IDENTIFIER = com.cemtuncelli.BayKit;
				PRODUCT_NAME = "$(TARGET_NAME:c99extidentifier)";
				SKIP_INSTALL = YES;
				SWIFT_OPTIMIZATION_LEVEL = "-Onone";
				SWIFT_VERSION = 5.0;
				TARGETED_DEVICE_FAMILY = "1,2";
			};
			name = Debug;
		};
		75F7460624562156002AA4EC /* Release */ = {
			isa = XCBuildConfiguration;
			buildSettings = {
				CLANG_ENABLE_MODULES = YES;
				CODE_SIGN_IDENTITY = "";
				CODE_SIGN_STYLE = Automatic;
				DEFINES_MODULE = YES;
				DEVELOPMENT_TEAM = W4A6RAJX45;
				DYLIB_COMPATIBILITY_VERSION = 1;
				DYLIB_CURRENT_VERSION = 1;
				DYLIB_INSTALL_NAME_BASE = "@rpath";
				INFOPLIST_FILE = BayKit/Info.plist;
				INSTALL_PATH = "$(LOCAL_LIBRARY_DIR)/Frameworks";
				LD_RUNPATH_SEARCH_PATHS = (
					"$(inherited)",
					"@executable_path/Frameworks",
					"@loader_path/Frameworks",
				);
				PRODUCT_BUNDLE_IDENTIFIER = com.cemtuncelli.BayKit;
				PRODUCT_NAME = "$(TARGET_NAME:c99extidentifier)";
				SKIP_INSTALL = YES;
				SWIFT_VERSION = 5.0;
				TARGETED_DEVICE_FAMILY = "1,2";
			};
			name = Release;
		};
		75F74618245627EB002AA4EC /* Debug */ = {
			isa = XCBuildConfiguration;
			buildSettings = {
				CODE_SIGN_STYLE = Automatic;
				DEVELOPMENT_TEAM = W4A6RAJX45;
				INFOPLIST_FILE = BayKitTests/Info.plist;
				LD_RUNPATH_SEARCH_PATHS = (
					"$(inherited)",
					"@executable_path/Frameworks",
					"@loader_path/Frameworks",
				);
				PRODUCT_BUNDLE_IDENTIFIER = com.cemtuncelli.BayKitTests;
				PRODUCT_NAME = "$(TARGET_NAME)";
				SWIFT_VERSION = 5.0;
				TARGETED_DEVICE_FAMILY = "1,2";
			};
			name = Debug;
		};
		75F74619245627EB002AA4EC /* Release */ = {
			isa = XCBuildConfiguration;
			buildSettings = {
				CODE_SIGN_STYLE = Automatic;
				DEVELOPMENT_TEAM = W4A6RAJX45;
				INFOPLIST_FILE = BayKitTests/Info.plist;
				LD_RUNPATH_SEARCH_PATHS = (
					"$(inherited)",
					"@executable_path/Frameworks",
					"@loader_path/Frameworks",
				);
				PRODUCT_BUNDLE_IDENTIFIER = com.cemtuncelli.BayKitTests;
				PRODUCT_NAME = "$(TARGET_NAME)";
				SWIFT_VERSION = 5.0;
				TARGETED_DEVICE_FAMILY = "1,2";
			};
			name = Release;
		};
/* End XCBuildConfiguration section */

/* Begin XCConfigurationList section */
		75F745F624562155002AA4EC /* Build configuration list for PBXProject "BayKit" */ = {
			isa = XCConfigurationList;
			buildConfigurations = (
				75F7460224562156002AA4EC /* Debug */,
				75F7460324562156002AA4EC /* Release */,
			);
			defaultConfigurationIsVisible = 0;
			defaultConfigurationName = Release;
		};
		75F7460424562156002AA4EC /* Build configuration list for PBXNativeTarget "BayKit" */ = {
			isa = XCConfigurationList;
			buildConfigurations = (
				75F7460524562156002AA4EC /* Debug */,
				75F7460624562156002AA4EC /* Release */,
			);
			defaultConfigurationIsVisible = 0;
			defaultConfigurationName = Release;
		};
		75F74617245627EB002AA4EC /* Build configuration list for PBXNativeTarget "BayKitTests" */ = {
			isa = XCConfigurationList;
			buildConfigurations = (
				75F74618245627EB002AA4EC /* Debug */,
				75F74619245627EB002AA4EC /* Release */,
			);
			defaultConfigurationIsVisible = 0;
			defaultConfigurationName = Release;
		};
/* End XCConfigurationList section */
	};
	rootObject = 75F745F324562155002AA4EC /* Project object */;
}
